// !$*UTF8*$!
{
	archiveVersion = 1;
	objectVersion = 56;
	classes = {
	};
	objects = {

/* Begin PBXBuildFile section */
		4A0000012C00000000000001 /* ProxySentryApp.swift in Sources */ = {isa = PBXBuildFile; fileRef = 4A0000011C00000000000001 /* ProxySentryApp.swift */; };
		4A0000012C00000000000002 /* ClashReader.swift in Sources */ = {isa = PBXBuildFile; fileRef = 4A0000011C00000000000003 /* ClashReader.swift */; };
		4A0000012C00000000000005 /* Diagnosis.swift in Sources */ = {isa = PBXBuildFile; fileRef = 4A0000011C00000000000007 /* Diagnosis.swift */; };
		4A0000012C00000000000006 /* DiagnosisTests.swift in Sources */ = {isa = PBXBuildFile; fileRef = 4A0000011C00000000000008 /* DiagnosisTests.swift */; };
		4A0000012C00000000000007 /* SystemNetwork.swift in Sources */ = {isa = PBXBuildFile; fileRef = 4A0000011C00000000000009 /* SystemNetwork.swift */; };
		4A0000012C00000000000008 /* SystemNetworkTests.swift in Sources */ = {isa = PBXBuildFile; fileRef = 4A0000011C0000000000000A /* SystemNetworkTests.swift */; };
		4A0000012C00000000000003 /* ProxySentryAppTests.swift in Sources */ = {isa = PBXBuildFile; fileRef = 4A0000011C00000000000002 /* ProxySentryAppTests.swift */; };
		4A0000012C00000000000004 /* ClashReaderTests.swift in Sources */ = {isa = PBXBuildFile; fileRef = 4A0000011C00000000000004 /* ClashReaderTests.swift */; };
		4A0000012C00000000000009 /* DiagnosticsController.swift in Sources */ = {isa = PBXBuildFile; fileRef = 4A0000011C0000000000000B /* DiagnosticsController.swift */; };
		4A0000012C0000000000000A /* DiagnosticsControllerTests.swift in Sources */ = {isa = PBXBuildFile; fileRef = 4A0000011C0000000000000C /* DiagnosticsControllerTests.swift */; };
		4A0000012C0000000000000B /* NetworkProbes.swift in Sources */ = {isa = PBXBuildFile; fileRef = 4A0000011C0000000000000D /* NetworkProbes.swift */; };
		4A0000012C0000000000000C /* NetworkProbesTests.swift in Sources */ = {isa = PBXBuildFile; fileRef = 4A0000011C0000000000000E /* NetworkProbesTests.swift */; };
		4A0000012C0000000000000D /* SystemServices.swift in Sources */ = {isa = PBXBuildFile; fileRef = 4A0000011C0000000000000F /* SystemServices.swift */; };
		4A0000012C0000000000000E /* SystemServicesTests.swift in Sources */ = {isa = PBXBuildFile; fileRef = 4A0000011C00000000000010 /* SystemServicesTests.swift */; };
		4A0000012C0000000000000F /* StatusPopoverView.swift in Sources */ = {isa = PBXBuildFile; fileRef = 4A0000011C00000000000011 /* StatusPopoverView.swift */; };
		4A0000012C00000000000010 /* VisualSnapshotTests.swift in Sources */ = {isa = PBXBuildFile; fileRef = 4A0000011C00000000000012 /* VisualSnapshotTests.swift */; };
		4A0000012C00000000000013 /* Assets.xcassets in Resources */ = {isa = PBXBuildFile; fileRef = 4A0000011C00000000000013 /* Assets.xcassets */; };
/* End PBXBuildFile section */

/* Begin PBXFileReference section */
		4A0000011C00000000000001 /* ProxySentryApp.swift */ = {isa = PBXFileReference; lastKnownFileType = sourcecode.swift; path = ProxySentryApp.swift; sourceTree = "<group>"; };
		4A0000011C00000000000002 /* ProxySentryAppTests.swift */ = {isa = PBXFileReference; lastKnownFileType = sourcecode.swift; path = ProxySentryAppTests.swift; sourceTree = "<group>"; };
		4A0000011C00000000000003 /* ClashReader.swift */ = {isa = PBXFileReference; lastKnownFileType = sourcecode.swift; path = ClashReader.swift; sourceTree = "<group>"; };
		4A0000011C00000000000007 /* Diagnosis.swift */ = {isa = PBXFileReference; lastKnownFileType = sourcecode.swift; path = Diagnosis.swift; sourceTree = "<group>"; };
		4A0000011C00000000000008 /* DiagnosisTests.swift */ = {isa = PBXFileReference; lastKnownFileType = sourcecode.swift; path = DiagnosisTests.swift; sourceTree = "<group>"; };
		4A0000011C00000000000009 /* SystemNetwork.swift */ = {isa = PBXFileReference; lastKnownFileType = sourcecode.swift; path = SystemNetwork.swift; sourceTree = "<group>"; };
		4A0000011C0000000000000A /* SystemNetworkTests.swift */ = {isa = PBXFileReference; lastKnownFileType = sourcecode.swift; path = SystemNetworkTests.swift; sourceTree = "<group>"; };
		4A0000011C00000000000004 /* ClashReaderTests.swift */ = {isa = PBXFileReference; lastKnownFileType = sourcecode.swift; path = ClashReaderTests.swift; sourceTree = "<group>"; };
		4A0000011C0000000000000B /* DiagnosticsController.swift */ = {isa = PBXFileReference; lastKnownFileType = sourcecode.swift; path = DiagnosticsController.swift; sourceTree = "<group>"; };
		4A0000011C0000000000000C /* DiagnosticsControllerTests.swift */ = {isa = PBXFileReference; lastKnownFileType = sourcecode.swift; path = DiagnosticsControllerTests.swift; sourceTree = "<group>"; };
		4A0000011C0000000000000D /* NetworkProbes.swift */ = {isa = PBXFileReference; lastKnownFileType = sourcecode.swift; path = NetworkProbes.swift; sourceTree = "<group>"; };
		4A0000011C0000000000000E /* NetworkProbesTests.swift */ = {isa = PBXFileReference; lastKnownFileType = sourcecode.swift; path = NetworkProbesTests.swift; sourceTree = "<group>"; };
		4A0000011C0000000000000F /* SystemServices.swift */ = {isa = PBXFileReference; lastKnownFileType = sourcecode.swift; path = SystemServices.swift; sourceTree = "<group>"; };
		4A0000011C00000000000010 /* SystemServicesTests.swift */ = {isa = PBXFileReference; lastKnownFileType = sourcecode.swift; path = SystemServicesTests.swift; sourceTree = "<group>"; };
		4A0000011C00000000000011 /* StatusPopoverView.swift */ = {isa = PBXFileReference; lastKnownFileType = sourcecode.swift; path = StatusPopoverView.swift; sourceTree = "<group>"; };
		4A0000011C00000000000012 /* VisualSnapshotTests.swift */ = {isa = PBXFileReference; lastKnownFileType = sourcecode.swift; path = VisualSnapshotTests.swift; sourceTree = "<group>"; };
		4A0000011C00000000000013 /* Assets.xcassets */ = {isa = PBXFileReference; lastKnownFileType = folder.assetcatalog; path = Assets.xcassets; sourceTree = "<group>"; };
		4A0000011C00000000000005 /* ProxySentry.app */ = {isa = PBXFileReference; explicitFileType = wrapper.application; includeInIndex = 0; path = ProxySentry.app; sourceTree = BUILT_PRODUCTS_DIR; };
		4A0000011C00000000000006 /* ProxySentryTests.xctest */ = {isa = PBXFileReference; explicitFileType = wrapper.cfbundle; includeInIndex = 0; path = ProxySentryTests.xctest; sourceTree = BUILT_PRODUCTS_DIR; };
/* End PBXFileReference section */

/* Begin PBXGroup section */
		4A0000011A00000000000004 /* Main */ = {
			isa = PBXGroup;
			children = (
				4A0000011A00000000000002 /* ProxySentry */,
				4A0000011A00000000000003 /* ProxySentryTests */,
				4A0000011A00000000000001 /* Products */,
			);
			sourceTree = "<group>";
		};
		4A0000011A00000000000001 /* Products */ = {
			isa = PBXGroup;
			children = (
				4A0000011C00000000000005 /* ProxySentry.app */,
				4A0000011C00000000000006 /* ProxySentryTests.xctest */,
			);
			name = Products;
			sourceTree = "<group>";
		};
		4A0000011A00000000000002 /* ProxySentry */ = {
			isa = PBXGroup;
			children = (
				4A0000011C00000000000001 /* ProxySentryApp.swift */,
				4A0000011C00000000000013 /* Assets.xcassets */,
				4A0000011C00000000000003 /* ClashReader.swift */,
				4A0000011C00000000000007 /* Diagnosis.swift */,
				4A0000011C00000000000009 /* SystemNetwork.swift */,
				4A0000011C0000000000000B /* DiagnosticsController.swift */,
				4A0000011C0000000000000D /* NetworkProbes.swift */,
				4A0000011C0000000000000F /* SystemServices.swift */,
				4A0000011C00000000000011 /* StatusPopoverView.swift */,
			);
			path = ProxySentry;
			sourceTree = "<group>";
		};
		4A0000011A00000000000003 /* ProxySentryTests */ = {
			isa = PBXGroup;
			children = (
				4A0000011C00000000000002 /* ProxySentryAppTests.swift */,
				4A0000011C00000000000004 /* ClashReaderTests.swift */,
				4A0000011C00000000000008 /* DiagnosisTests.swift */,
				4A0000011C0000000000000A /* SystemNetworkTests.swift */,
				4A0000011C0000000000000C /* DiagnosticsControllerTests.swift */,
				4A0000011C0000000000000E /* NetworkProbesTests.swift */,
				4A0000011C00000000000010 /* SystemServicesTests.swift */,
				4A0000011C00000000000012 /* VisualSnapshotTests.swift */,
			);
			path = ProxySentryTests;
			sourceTree = "<group>";
		};
/* End PBXGroup section */

/* Begin PBXNativeTarget section */
		4A00000124A00000000000001 /* ProxySentry */ = {
			isa = PBXNativeTarget;
			buildConfigurationList = 4A0000012B00000000000001 /* Build configuration list for PBXNativeTarget "ProxySentry" */;
			buildPhases = (
				4A00000125A00000000000001 /* Sources */,
				4A00000125A00000000000003 /* Frameworks */,
				4A00000125A00000000000002 /* Resources */,
			);
			buildRules = (
			);
			dependencies = (
			);
			name = ProxySentry;
			productName = ProxySentry;
			productReference = 4A0000011C00000000000005 /* ProxySentry.app */;
			productType = "com.apple.product-type.application";
		};
		4A00000124A00000000000002 /* ProxySentryTests */ = {
			isa = PBXNativeTarget;
			buildConfigurationList = 4A0000012B00000000000002 /* Build configuration list for PBXNativeTarget "ProxySentryTests" */;
			buildPhases = (
				4A00000125A00000000000004 /* Sources */,
				4A00000125A00000000000006 /* Frameworks */,
				4A00000125A00000000000005 /* Resources */,
			);
			buildRules = (
			);
			dependencies = (
				4A00000126000000000000001 /* PBXTargetDependency */,
			);
			name = ProxySentryTests;
			productName = ProxySentryTests;
			productReference = 4A0000011C00000000000006 /* ProxySentryTests.xctest */;
			productType = "com.apple.product-type.bundle.unit-test";
		};
/* End PBXNativeTarget section */

/* Begin PBXProject section */
		4A0000011A00000000000000 /* Project object */ = {
			isa = PBXProject;
			attributes = {
				BuildIndependentTargetsInParallel = 1;
				LastSwiftUpdateCheck = 2600;
				LastUpgradeCheck = 2600;
			};
			buildConfigurationList = 4A0000012B00000000000003 /* Build configuration list for PBXProject "ProxySentry" */;
			developmentRegion = "zh_CN";
			hasScannedForEncodings = 0;
			knownRegions = (
				en,
				"zh_CN",
				Base,
			);
			mainGroup = 4A0000011A00000000000004 /* Main */;
			minimizedProjectReferenceProxies = 1;
			preferredProjectObjectVersion = 56;
			productRefGroup = 4A0000011A00000000000001 /* Products */;
			projectDirPath = "";
			projectRoot = "";
			targets = (
				4A00000124A00000000000001 /* ProxySentry */,
				4A00000124A00000000000002 /* ProxySentryTests */,
			);
		};
/* End PBXProject section */

/* Begin PBXSourcesBuildPhase section */
		4A00000125A00000000000001 /* Sources */ = {
			isa = PBXSourcesBuildPhase;
			buildActionMask = 2147483647;
			files = (
				4A0000012C00000000000001 /* ProxySentryApp.swift in Sources */,
				4A0000012C00000000000002 /* ClashReader.swift in Sources */,
				4A0000012C00000000000005 /* Diagnosis.swift in Sources */,
				4A0000012C00000000000007 /* SystemNetwork.swift in Sources */,
				4A0000012C00000000000009 /* DiagnosticsController.swift in Sources */,
				4A0000012C0000000000000B /* NetworkProbes.swift in Sources */,
				4A0000012C0000000000000D /* SystemServices.swift in Sources */,
				4A0000012C0000000000000F /* StatusPopoverView.swift in Sources */,
			);
			runOnlyForDeploymentPostprocessing = 0;
		};
		4A00000125A00000000000004 /* Sources */ = {
			isa = PBXSourcesBuildPhase;
			buildActionMask = 2147483647;
			files = (
				4A0000012C00000000000003 /* ProxySentryAppTests.swift in Sources */,
				4A0000012C00000000000004 /* ClashReaderTests.swift in Sources */,
				4A0000012C00000000000006 /* DiagnosisTests.swift in Sources */,
				4A0000012C00000000000008 /* SystemNetworkTests.swift in Sources */,
				4A0000012C0000000000000A /* DiagnosticsControllerTests.swift in Sources */,
				4A0000012C0000000000000C /* NetworkProbesTests.swift in Sources */,
				4A0000012C0000000000000E /* SystemServicesTests.swift in Sources */,
				4A0000012C00000000000010 /* VisualSnapshotTests.swift in Sources */,
			);
			runOnlyForDeploymentPostprocessing = 0;
		};
/* End PBXSourcesBuildPhase section */

/* Begin PBXFrameworksBuildPhase section */
		4A00000125A00000000000003 /* Frameworks */ = {
			isa = PBXFrameworksBuildPhase;
			buildActionMask = 2147483647;
			files = (
			);
			runOnlyForDeploymentPostprocessing = 0;
		};
		4A00000125A00000000000006 /* Frameworks */ = {
			isa = PBXFrameworksBuildPhase;
			buildActionMask = 2147483647;
			files = (
			);
			runOnlyForDeploymentPostprocessing = 0;
		};
/* End PBXFrameworksBuildPhase section */

/* Begin PBXResourcesBuildPhase section */
		4A00000125A00000000000002 /* Resources */ = {
			isa = PBXResourcesBuildPhase;
			buildActionMask = 2147483647;
			files = (
				4A0000012C00000000000013 /* Assets.xcassets in Resources */,
			);
			runOnlyForDeploymentPostprocessing = 0;
		};
		4A00000125A00000000000005 /* Resources */ = {
			isa = PBXResourcesBuildPhase;
			buildActionMask = 2147483647;
			files = (
			);
			runOnlyForDeploymentPostprocessing = 0;
		};
/* End PBXResourcesBuildPhase section */

/* Begin PBXTargetDependency section */
		4A00000126000000000000001 /* PBXTargetDependency */ = {
			isa = PBXTargetDependency;
			target = 4A00000124A00000000000001 /* ProxySentry */;
			targetProxy = 4A00000127000000000000001 /* PBXContainerItemProxy */;
		};
/* End PBXTargetDependency section */

/* Begin PBXContainerItemProxy section */
		4A00000127000000000000001 /* PBXContainerItemProxy */ = {
			isa = PBXContainerItemProxy;
			containerPortal = 4A0000011A00000000000000 /* Project object */;
			proxyType = 1;
			remoteGlobalIDString = 4A00000124A00000000000001;
			remoteInfo = ProxySentry;
		};
/* End PBXContainerItemProxy section */

/* Begin XCBuildConfiguration section */
		4A0000012C00000000000011 /* Debug */ = {
			isa = XCBuildConfiguration;
			buildSettings = {
				ALWAYS_SEARCH_USER_PATHS = NO;
				CLANG_ANALYZER_NONNULL = YES;
				CLANG_CXX_LANGUAGE_STANDARD = "gnu++20";
				CLANG_ENABLE_MODULES = YES;
				CLANG_ENABLE_OBJC_ARC = YES;
				CLANG_ENABLE_OBJC_WEAK = YES;
				COPY_PHASE_STRIP = NO;
				DEBUG_INFORMATION_FORMAT = dwarf;
				ENABLE_STRICT_OBJC_MSGSEND = YES;
				ENABLE_TESTABILITY = YES;
				ENABLE_USER_SCRIPT_SANDBOXING = NO;
				GCC_C_LANGUAGE_STANDARD = gnu17;
				GCC_DYNAMIC_NO_PIC = NO;
				GCC_OPTIMIZATION_LEVEL = 0;
				GCC_PREPROCESSOR_DEFINITIONS = (
					"DEBUG=1",
					"$(inherited)",
				);
				GCC_WARN_64_TO_32_BIT_CONVERSION = YES;
				GCC_WARN_ABOUT_RETURN_TYPE = YES_ERROR;
				GCC_WARN_UNINITIALIZED_AUTOS = YES_AGGRESSIVE;
				GCC_WARN_UNUSED_FUNCTION = YES;
				GCC_WARN_UNUSED_VARIABLE = YES;
				MACOSX_DEPLOYMENT_TARGET = 13.0;
				ONLY_ACTIVE_ARCH = YES;
				SDKROOT = macosx;
				SWIFT_ACTIVE_COMPILATION_CONDITIONS = "DEBUG $(inherited)";
				SWIFT_OPTIMIZATION_LEVEL = "-Onone";
				SWIFT_VERSION = 5.0;
			};
			name = Debug;
		};
		4A0000012C00000000000012 /* Release */ = {
			isa = XCBuildConfiguration;
			buildSettings = {
				ALWAYS_SEARCH_USER_PATHS = NO;
				CLANG_ANALYZER_NONNULL = YES;
				CLANG_CXX_LANGUAGE_STANDARD = "gnu++20";
				CLANG_ENABLE_MODULES = YES;
				CLANG_ENABLE_OBJC_ARC = YES;
				CLANG_ENABLE_OBJC_WEAK = YES;
				COPY_PHASE_STRIP = NO;
				DEBUG_INFORMATION_FORMAT = "dwarf-with-dsym";
				ENABLE_NS_ASSERTIONS = NO;
				ENABLE_STRICT_OBJC_MSGSEND = YES;
				ENABLE_USER_SCRIPT_SANDBOXING = NO;
				GCC_C_LANGUAGE_STANDARD = gnu17;
				GCC_WARN_64_TO_32_BIT_CONVERSION = YES;
				GCC_WARN_ABOUT_RETURN_TYPE = YES_ERROR;
				GCC_WARN_UNINITIALIZED_AUTOS = YES_AGGRESSIVE;
				GCC_WARN_UNUSED_FUNCTION = YES;
				GCC_WARN_UNUSED_VARIABLE = YES;
				MACOSX_DEPLOYMENT_TARGET = 13.0;
				SDKROOT = macosx;
				SWIFT_COMPILATION_MODE = wholemodule;
				SWIFT_VERSION = 5.0;
			};
			name = Release;
		};
		4A0000012C00000000000021 /* Debug */ = {
			isa = XCBuildConfiguration;
			buildSettings = {
				CODE_SIGN_STYLE = Automatic;
				COMBINE_HIDPI_IMAGES = YES;
				CURRENT_PROJECT_VERSION = 1;
				GENERATE_INFOPLIST_FILE = NO;
				INFOPLIST_FILE = ProxySentry/Info.plist;
				LD_RUNPATH_SEARCH_PATHS = (
					"$(inherited)",
					"@executable_path/../Frameworks",
				);
				MACOSX_DEPLOYMENT_TARGET = 13.0;
				ASSETCATALOG_COMPILER_APPICON_NAME = AppIcon;
				MARKETING_VERSION = 0.1.0;
				PRODUCT_BUNDLE_IDENTIFIER = "io.github.justinjia0813.ProxySentry";
				PRODUCT_NAME = "$(TARGET_NAME)";
				SWIFT_EMIT_LOC_STRINGS = YES;
				SWIFT_VERSION = 5.0;
			};
			name = Debug;
		};
		4A0000012C00000000000022 /* Release */ = {
			isa = XCBuildConfiguration;
			buildSettings = {
				CODE_SIGN_STYLE = Automatic;
				COMBINE_HIDPI_IMAGES = YES;
				CURRENT_PROJECT_VERSION = 1;
				GENERATE_INFOPLIST_FILE = NO;
				INFOPLIST_FILE = ProxySentry/Info.plist;
				LD_RUNPATH_SEARCH_PATHS = (
					"$(inherited)",
					"@executable_path/../Frameworks",
				);
				MACOSX_DEPLOYMENT_TARGET = 13.0;
				ASSETCATALOG_COMPILER_APPICON_NAME = AppIcon;
				ENABLE_HARDENED_RUNTIME = YES;
				MARKETING_VERSION = 0.1.0;
				PRODUCT_BUNDLE_IDENTIFIER = "io.github.justinjia0813.ProxySentry";
				PRODUCT_NAME = "$(TARGET_NAME)";
				SWIFT_EMIT_LOC_STRINGS = YES;
				SWIFT_VERSION = 5.0;
			};
			name = Release;
		};
		4A0000012C00000000000031 /* Debug */ = {
			isa = XCBuildConfiguration;
			buildSettings = {
				BUNDLE_LOADER = "$(TEST_HOST)";
				CODE_SIGN_STYLE = Automatic;
				CURRENT_PROJECT_VERSION = 1;
				GENERATE_INFOPLIST_FILE = YES;
				MACOSX_DEPLOYMENT_TARGET = 13.0;
				MARKETING_VERSION = 0.1.0;
				PRODUCT_BUNDLE_IDENTIFIER = "io.github.justinjia0813.ProxySentryTests";
				PRODUCT_NAME = "$(TARGET_NAME)";
				SWIFT_EMIT_LOC_STRINGS = NO;
				SWIFT_VERSION = 5.0;
				TEST_HOST = "$(BUILT_PRODUCTS_DIR)/ProxySentry.app/Contents/MacOS/ProxySentry";
			};
			name = Debug;
		};
		4A0000012C00000000000032 /* Release */ = {
			isa = XCBuildConfiguration;
			buildSettings = {
				BUNDLE_LOADER = "$(TEST_HOST)";
				CODE_SIGN_STYLE = Automatic;
				CURRENT_PROJECT_VERSION = 1;
				GENERATE_INFOPLIST_FILE = YES;
				MACOSX_DEPLOYMENT_TARGET = 13.0;
				MARKETING_VERSION = 0.1.0;
				PRODUCT_BUNDLE_IDENTIFIER = "io.github.justinjia0813.ProxySentryTests";
				PRODUCT_NAME = "$(TARGET_NAME)";
				SWIFT_EMIT_LOC_STRINGS = NO;
				SWIFT_VERSION = 5.0;
				TEST_HOST = "$(BUILT_PRODUCTS_DIR)/ProxySentry.app/Contents/MacOS/ProxySentry";
			};
			name = Release;
		};
/* End XCBuildConfiguration section */

/* Begin XCConfigurationList section */
		4A0000012B00000000000003 /* Build configuration list for PBXProject "ProxySentry" */ = {
			isa = XCConfigurationList;
			buildConfigurations = (
				4A0000012C00000000000011 /* Debug */,
				4A0000012C00000000000012 /* Release */,
			);
			defaultConfigurationIsVisible = 0;
			defaultConfigurationName = Release;
		};
		4A0000012B00000000000001 /* Build configuration list for PBXNativeTarget "ProxySentry" */ = {
			isa = XCConfigurationList;
			buildConfigurations = (
				4A0000012C00000000000021 /* Debug */,
				4A0000012C00000000000022 /* Release */,
			);
			defaultConfigurationIsVisible = 0;
			defaultConfigurationName = Release;
		};
		4A0000012B00000000000002 /* Build configuration list for PBXNativeTarget "ProxySentryTests" */ = {
			isa = XCConfigurationList;
			buildConfigurations = (
				4A0000012C00000000000031 /* Debug */,
				4A0000012C00000000000032 /* Release */,
			);
			defaultConfigurationIsVisible = 0;
			defaultConfigurationName = Release;
		};
/* End XCConfigurationList section */
	};
	rootObject = 4A0000011A00000000000000 /* Project object */;
}
